
Microsoft Visual Studio Solution File, Format Version 12.00
# Visual Studio Version 17
VisualStudioVersion = 17.2.32630.192
MinimumVisualStudioVersion = 10.0.40219.1
Project("{888888A0-9F3D-457C-B088-3A5042F75D52}") = "cameraTestingProject", "cameraTestingProject\cameraTestingProject.pyproj", "{E21F67D6-B32C-43CC-B3E0-BB4EC3205B58}"
EndProject
Global
	GlobalSection(SolutionConfigurationPlatforms) = preSolution
		Debug|Any CPU = Debug|Any CPU
		Release|Any CPU = Release|Any CPU
	EndGlobalSection
	GlobalSection(ProjectConfigurationPlatforms) = postSolution
		{E21F67D6-B32C-43CC-B3E0-BB4EC3205B58}.Debug|Any CPU.ActiveCfg = Debug|Any CPU
		{E21F67D6-B32C-43CC-B3E0-BB4EC3205B58}.Release|Any CPU.ActiveCfg = Release|Any CPU
	EndGlobalSection
	GlobalSection(SolutionProperties) = preSolution
		HideSolutionNode = FALSE
	EndGlobalSection
	GlobalSection(ExtensibilityGlobals) = postSolution
		SolutionGuid = {B2CED439-0E05-4892-A4B5-21F09249DBEC}
	EndGlobalSection
EndGlobal
